
Microsoft Visual Studio Solution File, Format Version 12.00
# Visual Studio Version 16
VisualStudioVersion = 16.0.31402.337
MinimumVisualStudioVersion = 10.0.40219.1
Project("{8BC9CEB8-8B4A-11D0-8D11-00A0C91BC942}") = "CG Lab 4", "CG Lab 4.vcxproj", "{1C9118C4-589B-47E6-8EA8-659C966D7EB6}"
EndProject
Global
	GlobalSection(SolutionConfigurationPlatforms) = preSolution
		Debug|x64 = Debug|x64
		Debug|x86 = Debug|x86
		Release|x64 = Release|x64
		Release|x86 = Release|x86
	EndGlobalSection
	GlobalSection(ProjectConfigurationPlatforms) = postSolution
		{1C9118C4-589B-47E6-8EA8-659C966D7EB6}.Debug|x64.ActiveCfg = Debug|x64
		{1C9118C4-589B-47E6-8EA8-659C966D7EB6}.Debug|x64.Build.0 = Debug|x64
		{1C9118C4-589B-47E6-8EA8-659C966D7EB6}.Debug|x86.ActiveCfg = Debug|Win32
		{1C9118C4-589B-47E6-8EA8-659C966D7EB6}.Debug|x86.Build.0 = Debug|Win32
		{1C9118C4-589B-47E6-8EA8-659C966D7EB6}.Release|x64.ActiveCfg = Release|x64
		{1C9118C4-589B-47E6-8EA8-659C966D7EB6}.Release|x64.Build.0 = Release|x64
		{1C9118C4-589B-47E6-8EA8-659C966D7EB6}.Release|x86.ActiveCfg = Release|Win32
		{1C9118C4-589B-47E6-8EA8-659C966D7EB6}.Release|x86.Build.0 = Release|Win32
	EndGlobalSection
	GlobalSection(SolutionProperties) = preSolution
		HideSolutionNode = FALSE
	EndGlobalSection
	GlobalSection(ExtensibilityGlobals) = postSolution
		SolutionGuid = {81E883E4-EBE8-408B-8E9B-6D9576CC1EDC}
	EndGlobalSection
EndGlobal
